
Microsoft Visual Studio Solution File, Format Version 12.00
# Visual Studio Version 16
VisualStudioVersion = 16.0.30320.27
MinimumVisualStudioVersion = 10.0.40219.1
Project("{FAE04EC0-301F-11D3-BF4B-00C04F79EFBC}") = "PasswordGenerator", "PasswordGenerator\PasswordGenerator.csproj", "{0472B276-1CD9-4E95-9C7A-63F45542BE39}"
EndProject
Project("{9A19103F-16F7-4668-BE54-9A1E7A4F7556}") = "Plexdata.Utilities.Password", "Plexdata.Utilities.Password\Plexdata.Utilities.Password.csproj", "{920E9477-D507-4F0D-B0EF-C6ACF371E48E}"
EndProject
Project("{FAE04EC0-301F-11D3-BF4B-00C04F79EFBC}") = "Plexdata.Utilities.Password.Tests", "Plexdata.Utilities.Password.Tests\Plexdata.Utilities.Password.Tests.csproj", "{D748E79E-6933-4D9B-9AF9-F80F9295F0E6}"
EndProject
Project("{9A19103F-16F7-4668-BE54-9A1E7A4F7556}") = "Plexdata.Utilities.Keyboard", "Plexdata.Utilities.Keyboard\Plexdata.Utilities.Keyboard.csproj", "{7AAAD1B1-7428-4D9E-91F4-A16773255274}"
EndProject
Project("{2150E333-8FDC-42A3-9474-1A3956D46DE8}") = "Solution Items", "Solution Items", "{A413C9C7-9112-4B8B-AC00-BC25F77C9F66}"
	ProjectSection(SolutionItems) = preProject
		.editorconfig = .editorconfig
		clean.cmd = clean.cmd
		HISTORY.md = HISTORY.md
		README.md = README.md
		TODOs.md = TODOs.md
	EndProjectSection
EndProject
Global
	GlobalSection(SolutionConfigurationPlatforms) = preSolution
		Debug|Any CPU = Debug|Any CPU
		Release|Any CPU = Release|Any CPU
	EndGlobalSection
	GlobalSection(ProjectConfigurationPlatforms) = postSolution
		{0472B276-1CD9-4E95-9C7A-63F45542BE39}.Debug|Any CPU.ActiveCfg = Debug|Any CPU
		{0472B276-1CD9-4E95-9C7A-63F45542BE39}.Debug|Any CPU.Build.0 = Debug|Any CPU
		{0472B276-1CD9-4E95-9C7A-63F45542BE39}.Release|Any CPU.ActiveCfg = Release|Any CPU
		{0472B276-1CD9-4E95-9C7A-63F45542BE39}.Release|Any CPU.Build.0 = Release|Any CPU
		{920E9477-D507-4F0D-B0EF-C6ACF371E48E}.Debug|Any CPU.ActiveCfg = Debug|Any CPU
		{920E9477-D507-4F0D-B0EF-C6ACF371E48E}.Debug|Any CPU.Build.0 = Debug|Any CPU
		{920E9477-D507-4F0D-B0EF-C6ACF371E48E}.Release|Any CPU.ActiveCfg = Release|Any CPU
		{920E9477-D507-4F0D-B0EF-C6ACF371E48E}.Release|Any CPU.Build.0 = Release|Any CPU
		{D748E79E-6933-4D9B-9AF9-F80F9295F0E6}.Debug|Any CPU.ActiveCfg = Debug|Any CPU
		{D748E79E-6933-4D9B-9AF9-F80F9295F0E6}.Debug|Any CPU.Build.0 = Debug|Any CPU
		{D748E79E-6933-4D9B-9AF9-F80F9295F0E6}.Release|Any CPU.ActiveCfg = Release|Any CPU
		{D748E79E-6933-4D9B-9AF9-F80F9295F0E6}.Release|Any CPU.Build.0 = Release|Any CPU
		{7AAAD1B1-7428-4D9E-91F4-A16773255274}.Debug|Any CPU.ActiveCfg = Debug|Any CPU
		{7AAAD1B1-7428-4D9E-91F4-A16773255274}.Debug|Any CPU.Build.0 = Debug|Any CPU
		{7AAAD1B1-7428-4D9E-91F4-A16773255274}.Release|Any CPU.ActiveCfg = Release|Any CPU
		{7AAAD1B1-7428-4D9E-91F4-A16773255274}.Release|Any CPU.Build.0 = Release|Any CPU
	EndGlobalSection
	GlobalSection(SolutionProperties) = preSolution
		HideSolutionNode = FALSE
	EndGlobalSection
	GlobalSection(ExtensibilityGlobals) = postSolution
		SolutionGuid = {9235FC49-9615-4F5F-A6F2-5907A87D30C2}
	EndGlobalSection
EndGlobal
